
Microsoft Visual Studio Solution File, Format Version 12.00
# Visual Studio Version 17
VisualStudioVersion = 17.9.34616.47
MinimumVisualStudioVersion = 10.0.40219.1
Project("{2D2FAAD4-6A7D-4C3A-834E-84FC5F5B30E4}") = "keyauth Bypass", "keyauth Bypass.vcxproj", "{D7D26613-9EAF-48E3-96D8-CEA745E0F1DF}"
EndProject
Global
	GlobalSection(SolutionConfigurationPlatforms) = preSolution
		Debug|x64 = Debug|x64
		Debug|x86 = Debug|x86
		Release|x64 = Release|x64
		Release|x86 = Release|x86
	EndGlobalSection
	GlobalSection(ProjectConfigurationPlatforms) = postSolution
		{D7D26613-9EAF-48E3-96D8-CEA745E0F1DF}.Debug|x64.ActiveCfg = Debug|x64
		{D7D26613-9EAF-48E3-96D8-CEA745E0F1DF}.Debug|x64.Build.0 = Debug|x64
		{D7D26613-9EAF-48E3-96D8-CEA745E0F1DF}.Debug|x86.ActiveCfg = Debug|Win32
		{D7D26613-9EAF-48E3-96D8-CEA745E0F1DF}.Debug|x86.Build.0 = Debug|Win32
		{D7D26613-9EAF-48E3-96D8-CEA745E0F1DF}.Release|x64.ActiveCfg = Release|x64
		{D7D26613-9EAF-48E3-96D8-CEA745E0F1DF}.Release|x64.Build.0 = Release|x64
		{D7D26613-9EAF-48E3-96D8-CEA745E0F1DF}.Release|x86.ActiveCfg = Release|Win32
		{D7D26613-9EAF-48E3-96D8-CEA745E0F1DF}.Release|x86.Build.0 = Release|Win32
	EndGlobalSection
	GlobalSection(SolutionProperties) = preSolution
		HideSolutionNode = FALSE
	EndGlobalSection
	GlobalSection(ExtensibilityGlobals) = postSolution
		SolutionGuid = {AD60BED4-1D55-43B1-A13D-630FE67B5860}
	EndGlobalSection
EndGlobal
